
Microsoft Visual Studio Solution File, Format Version 12.00
# Visual Studio Version 16
VisualStudioVersion = 16.0.32602.291
MinimumVisualStudioVersion = 10.0.40219.1
Project("{FAE04EC0-301F-11D3-BF4B-00C04F79EFBC}") = "ExternalEventsWPF", "ExternalEventsWPF\ExternalEventsWPF.csproj", "{62D964E0-E816-4B37-9144-2D0D582FA538}"
EndProject
Project("{FAE04EC0-301F-11D3-BF4B-00C04F79EFBC}") = "ExternalEventsWinForm", "ExternalEventsWinForm\ExternalEventsWinForm.csproj", "{25DDD463-B292-459F-A18A-7BA5501DA315}"
EndProject
Global
	GlobalSection(SolutionConfigurationPlatforms) = preSolution
		Debug|Any CPU = Debug|Any CPU
		Release|Any CPU = Release|Any CPU
	EndGlobalSection
	GlobalSection(ProjectConfigurationPlatforms) = postSolution
		{62D964E0-E816-4B37-9144-2D0D582FA538}.Debug|Any CPU.ActiveCfg = Debug|Any CPU
		{62D964E0-E816-4B37-9144-2D0D582FA538}.Debug|Any CPU.Build.0 = Debug|Any CPU
		{62D964E0-E816-4B37-9144-2D0D582FA538}.Release|Any CPU.ActiveCfg = Release|Any CPU
		{62D964E0-E816-4B37-9144-2D0D582FA538}.Release|Any CPU.Build.0 = Release|Any CPU
		{25DDD463-B292-459F-A18A-7BA5501DA315}.Debug|Any CPU.ActiveCfg = Debug|Any CPU
		{25DDD463-B292-459F-A18A-7BA5501DA315}.Debug|Any CPU.Build.0 = Debug|Any CPU
		{25DDD463-B292-459F-A18A-7BA5501DA315}.Release|Any CPU.ActiveCfg = Release|Any CPU
		{25DDD463-B292-459F-A18A-7BA5501DA315}.Release|Any CPU.Build.0 = Release|Any CPU
	EndGlobalSection
	GlobalSection(SolutionProperties) = preSolution
		HideSolutionNode = FALSE
	EndGlobalSection
	GlobalSection(ExtensibilityGlobals) = postSolution
		SolutionGuid = {1DCBAFDC-BFF6-4438-83F5-3DC1BAA42A66}
	EndGlobalSection
EndGlobal
